{
  "version": 4,
  "terraform_version": "0.12.20",
  "serial": 16,
  "lineage": "bcfffc43-2c5e-aaf4-6c96-2558ff2ba3ce",
  "outputs": {},
  "resources": [
    {
      "mode": "managed",
      "type": "google_container_cluster",
      "name": "cluster-dataproc-gke",
      "provider": "provider.google",
      "instances": [
        {
          "schema_version": 1,
          "attributes": {
            "additional_zones": [],
            "addons_config": [
              {
                "horizontal_pod_autoscaling": [],
                "http_load_balancing": [],
                "kubernetes_dashboard": [],
                "network_policy_config": [
                  {
                    "disabled": true
                  }
                ]
              }
            ],
            "authenticator_groups_config": [],
            "cluster_autoscaling": [
              {
                "auto_provisioning_defaults": [],
                "enabled": false,
                "resource_limits": []
              }
            ],
            "cluster_ipv4_cidr": "10.36.0.0/14",
            "default_max_pods_per_node": 110,
            "description": "",
            "enable_binary_authorization": false,
            "enable_intranode_visibility": null,
            "enable_kubernetes_alpha": false,
            "enable_legacy_abac": false,
            "enable_tpu": null,
            "endpoint": "104.198.138.43",
            "id": "projects/dataproc-gke/locations/us-central1/clusters/cluster-dataproc-gke",
            "initial_node_count": 1,
            "instance_group_urls": [],
            "ip_allocation_policy": [],
            "label_fingerprint": "a9dc16a7",
            "location": "us-central1",
            "logging_service": "logging.googleapis.com/kubernetes",
            "maintenance_policy": [],
            "master_auth": [
              {
                "client_certificate": "",
                "client_certificate_config": [
                  {
                    "issue_client_certificate": false
                  }
                ],
                "client_key": "",
                "cluster_ca_certificate": "LS0tLS1CRUdJTiBDRVJUSUZJQ0FURS0tLS0tCk1JSURDekNDQWZPZ0F3SUJBZ0lRVEcydU0yb2xTNWxvL296Q0NPNFVlREFOQmdrcWhraUc5dzBCQVFzRkFEQXYKTVMwd0t3WURWUVFERXlReVpUWTJNamRrTmkweE9EazRMVFJtWTJFdFlUUm1PUzB6TlRSaE9EVmxZamczTkRRdwpIaGNOTWpBd05UQXhNVE16TVRVM1doY05NalV3TkRNd01UUXpNVFUzV2pBdk1TMHdLd1lEVlFRREV5UXlaVFkyCk1qZGtOaTB4T0RrNExUUm1ZMkV0WVRSbU9TMHpOVFJoT0RWbFlqZzNORFF3Z2dFaU1BMEdDU3FHU0liM0RRRUIKQVFVQUE0SUJEd0F3Z2dFS0FvSUJBUUNXNmFpN0tuUGQrdnQwb3hndkdyMC9uV01HSmJuZDk0c0NOMDJ0SVBBNQo2MnRLa1lzdXFKZHpEcURmNDljS3Z3azJaRTFjRGtVR0xyb1dDbzFEZ3VLdS9lV3pQa0kwSFJSRzQva1c1TUVZCmtOUzVLdGtWSTNyT1BSRVhzSW9IRlVSeGNIblJaUHc4UEc1VlVLOWJnaHQ0dDlvaktCb2hBZXdkNG5vV2IzNGYKRXNZemhaZktJaUZ2d1lLb1VRaHRZY3gyc0FBUVZveWtyVEh5aWNBM3ArWHVOQzVQcTQ5NkFXa2hXeWdBNEhCRwpqT0dsSlFqRWs0KzRROTRqQWFCQy9aNmFxNW9kc2cxYW01eC8yZEhmd3RFZzNUc1J1VlJsWXk5WHBpdm5iSmZSCi84TFpVWm1GaU9ZaVN2ZTBFVzREMnIrT3Rvc3Y2dW1GcDE3c3dIVXAwTENuQWdNQkFBR2pJekFoTUE0R0ExVWQKRHdFQi93UUVBd0lDQkRBUEJnTlZIUk1CQWY4RUJUQURBUUgvTUEwR0NTcUdTSWIzRFFFQkN3VUFBNElCQVFBcQo1dGdFNUdYRUIyRldFWXREemdRMEF0OFZDaHk0dTM2T0dpeHF5Y2xqb085K2dDMlQrYlVUQ0p4d3ExYXJIaWlOCkFDWVlBb1ZXTjNsb29KNDVsVmFWV1luQk5uRytLaTk0cUFLSmRjcG5YeTE2QTduSk1ZVUlaRS9vd2czVmoweWoKeUhPQU5xL2FiMzA1OEwyeDZBRmZGWmd5djNKd0dhVUl0NktURlRRK1FuaEVlb3pFZG45TUhmendqTTVYNkZmbQpPcU1TTG91NnJMQURGdmp2S0NXU2hDZFRieWpHb1FUakIzYklqMTh6cXA1L1ltekNjU2dTd2tJQS9xNThNYWNZCklhUlM4V1BmaXYzdnhGTTk3SHdlNkROVE4wYjRKMUQ4VFpSNkZ5eCtvYkhoSlNRR0c2TmpiWXJaYnhjVVJFZjcKZm1jTHZvcUlqVTAzbUZhcEtKWW8KLS0tLS1FTkQgQ0VSVElGSUNBVEUtLS0tLQo=",
                "password": "",
                "username": ""
              }
            ],
            "master_authorized_networks_config": [],
            "master_version": "1.14.10-gke.27",
            "min_master_version": null,
            "monitoring_service": "monitoring.googleapis.com/kubernetes",
            "name": "cluster-dataproc-gke",
            "network": "projects/dataproc-gke/global/networks/default",
            "network_policy": [
              {
                "enabled": false,
                "provider": "PROVIDER_UNSPECIFIED"
              }
            ],
            "node_config": [],
            "node_locations": [
              "us-central1-a",
              "us-central1-b",
              "us-central1-c"
            ],
            "node_pool": [],
            "node_version": "1.14.10-gke.27",
            "operation": null,
            "pod_security_policy_config": null,
            "private_cluster_config": [],
            "project": "dataproc-gke",
            "region": null,
            "remove_default_node_pool": true,
            "resource_labels": null,
            "services_ipv4_cidr": "10.39.240.0/20",
            "subnetwork": "projects/dataproc-gke/regions/us-central1/subnetworks/default",
            "timeouts": null,
            "vertical_pod_autoscaling": [],
            "zone": null
          },
          "private": "eyJlMmJmYjczMC1lY2FhLTExZTYtOGY4OC0zNDM2M2JjN2M0YzAiOnsiY3JlYXRlIjoyNDAwMDAwMDAwMDAwLCJkZWxldGUiOjI0MDAwMDAwMDAwMDAsInVwZGF0ZSI6MzYwMDAwMDAwMDAwMH0sInNjaGVtYV92ZXJzaW9uIjoiMSJ9"
        }
      ]
    },
    {
      "mode": "managed",
      "type": "google_container_node_pool",
      "name": "cluster-dataproc-gke-node-pool",
      "provider": "provider.google",
      "instances": [
        {
          "schema_version": 1,
          "attributes": {
            "autoscaling": [],
            "cluster": "cluster-dataproc-gke",
            "id": "projects/dataproc-gke/locations/us-central1/clusters/cluster-dataproc-gke/nodePools/cluster-dataproc-gke-node-pool",
            "initial_node_count": 1,
            "instance_group_urls": [
              "https://www.googleapis.com/compute/v1/projects/dataproc-gke/zones/us-central1-a/instanceGroupManagers/gke-cluster-dataproc-cluster-dataproc-3023fb80-grp",
              "https://www.googleapis.com/compute/v1/projects/dataproc-gke/zones/us-central1-c/instanceGroupManagers/gke-cluster-dataproc-cluster-dataproc-a994972b-grp",
              "https://www.googleapis.com/compute/v1/projects/dataproc-gke/zones/us-central1-b/instanceGroupManagers/gke-cluster-dataproc-cluster-dataproc-cf07cddf-grp"
            ],
            "location": "us-central1",
            "management": [
              {
                "auto_repair": false,
                "auto_upgrade": true
              }
            ],
            "max_pods_per_node": null,
            "name": "cluster-dataproc-gke-node-pool",
            "name_prefix": "",
            "node_config": [
              {
                "disk_size_gb": 100,
                "disk_type": "pd-standard",
                "guest_accelerator": [],
                "image_type": "COS",
                "labels": {},
                "local_ssd_count": 0,
                "machine_type": "n1-standard-2",
                "metadata": {
                  "disable-legacy-endpoints": "true"
                },
                "min_cpu_platform": "",
                "oauth_scopes": [
                  "https://www.googleapis.com/auth/cloud-platform",
                  "https://www.googleapis.com/auth/logging.write",
                  "https://www.googleapis.com/auth/monitoring"
                ],
                "preemptible": true,
                "sandbox_config": [],
                "service_account": "default",
                "shielded_instance_config": [
                  {
                    "enable_integrity_monitoring": true,
                    "enable_secure_boot": false
                  }
                ],
                "tags": null,
                "taint": [],
                "workload_metadata_config": []
              }
            ],
            "node_count": 1,
            "project": "dataproc-gke",
            "region": null,
            "timeouts": null,
            "upgrade_settings": null,
            "version": "1.14.10-gke.27",
            "zone": null
          },
          "private": "eyJlMmJmYjczMC1lY2FhLTExZTYtOGY4OC0zNDM2M2JjN2M0YzAiOnsiY3JlYXRlIjoxODAwMDAwMDAwMDAwLCJkZWxldGUiOjE4MDAwMDAwMDAwMDAsInVwZGF0ZSI6MTgwMDAwMDAwMDAwMH0sInNjaGVtYV92ZXJzaW9uIjoiMSJ9",
          "dependencies": [
            "google_container_cluster.cluster-dataproc-gke"
          ]
        }
      ]
    }
  ]
}
