{
  "version": 4,
  "terraform_version": "0.12.20",
  "serial": 10,
  "lineage": "bcfffc43-2c5e-aaf4-6c96-2558ff2ba3ce",
  "outputs": {},
  "resources": [
    {
      "mode": "managed",
      "type": "google_container_cluster",
      "name": "cluster-dataproc-gke",
      "provider": "provider.google",
      "instances": [
        {
          "schema_version": 1,
          "attributes": {
            "additional_zones": [],
            "addons_config": [
              {
                "horizontal_pod_autoscaling": [],
                "http_load_balancing": [],
                "kubernetes_dashboard": [],
                "network_policy_config": [
                  {
                    "disabled": true
                  }
                ]
              }
            ],
            "authenticator_groups_config": [],
            "cluster_autoscaling": [
              {
                "auto_provisioning_defaults": [],
                "enabled": false,
                "resource_limits": []
              }
            ],
            "cluster_ipv4_cidr": "10.36.0.0/14",
            "default_max_pods_per_node": 110,
            "description": "",
            "enable_binary_authorization": false,
            "enable_intranode_visibility": null,
            "enable_kubernetes_alpha": false,
            "enable_legacy_abac": false,
            "enable_tpu": null,
            "endpoint": "34.70.138.88",
            "id": "projects/dataproc-gke/locations/us-central1/clusters/cluster-dataproc-gke",
            "initial_node_count": 1,
            "instance_group_urls": [],
            "ip_allocation_policy": [],
            "label_fingerprint": "a9dc16a7",
            "location": "us-central1",
            "logging_service": "logging.googleapis.com/kubernetes",
            "maintenance_policy": [],
            "master_auth": [
              {
                "client_certificate": "",
                "client_certificate_config": [
                  {
                    "issue_client_certificate": false
                  }
                ],
                "client_key": "",
                "cluster_ca_certificate": "LS0tLS1CRUdJTiBDRVJUSUZJQ0FURS0tLS0tCk1JSURERENDQWZTZ0F3SUJBZ0lSQUwwbWxhdG5TMlI3L3U3Q3gzYmJISWd3RFFZSktvWklodmNOQVFFTEJRQXcKTHpFdE1Dc0dBMVVFQXhNa05tTm1ObVJqT0RrdE1qVTBNQzAwWW1Nd0xXRTFOV010TVRFMk5UQTBNVGRrTm1FdwpNQjRYRFRJd01ETXpNREUxTVRJME9Gb1hEVEkxTURNeU9URTJNVEkwT0Zvd0x6RXRNQ3NHQTFVRUF4TWtObU5tCk5tUmpPRGt0TWpVME1DMDBZbU13TFdFMU5XTXRNVEUyTlRBME1UZGtObUV3TUlJQklqQU5CZ2txaGtpRzl3MEIKQVFFRkFBT0NBUThBTUlJQkNnS0NBUUVBdFVpZzJKTFVmSFIvNkFob1ZSWjhwcWlxWExOb1hzblc4UTdVaENKZApDZnZDeklKM2kxVDVmb0RvUU5FNnprZ3ExTld2UEc1ZnVPTXpjWUVPUmEzQklFQzlNenR0QXpiazc4Vjlsc0xYClVGemJsL09GbTN0aE1tSnFuVjYxeSs1V2VhSUJwWFpEdzRwR2E0V0t6VW5rSkJMcGI1RjNJaGJ1eFNpSG0wcUQKbGF3NkhBNGdkejVQd0lOYnFGcXZqTUJ1engzS3JZV2gxWEY4R3hSL0JwY2IzYzVHNUVTQnB3L01zMERYZEpNYQpDdUhKa0ZDVVVUcUQ1NjQ2OWovdVgwR3g0cUp6TEVwalN4Zm0rTVNKVWx4YURydHpEQ3BXckppdkV0Vkh0amZNCkZ0ZWVtOXd1VGRzT3ZnVWU3c2ZhUFMyaGVYbEMwRzR4UHBEL2VoaDJIeXJ4aFFJREFRQUJveU13SVRBT0JnTlYKSFE4QkFmOEVCQU1DQWdRd0R3WURWUjBUQVFIL0JBVXdBd0VCL3pBTkJna3Foa2lHOXcwQkFRc0ZBQU9DQVFFQQpNNmtkdmhZNlF5T0tzeW5WdzcwSk1FMUE3NWhRTjRzdzY0Nzdha0kwQ2hLS0xqclYxemUzYWJDRWd1QUFvVFdaCkNZeUlJUnpqbUoxZkZXM0tNT1lJUDZNQy91RHR3R1FHOFF4ajNnQjlhUkdtVUZkcUw3ZjVKU2JWRC9yUVM5TTcKaVZSTWN5UUZhZ2ZwTER5V2w1TXppeWxITjY5MXhUM1NOQ3l3ZlRLZmNOTmVObW9sRGxHdUNKTEc4SUd0bVdMawpjbGIzNjBRcW9iRTFIcXlGSUd3NVF2V2lTcktVSnM4Ky9QK2RhS1JQM0ZxOTFTdnBGQ2k5cmNNdTVJMTRXT1dQClBxa2VoRGFUeWNIU0NEaEw0MUU3MDg1WDhqN0xyUWkwbmpIR2t6Q0VRZTdSNnFnTm5OcWF2QVNGeTJWbEh0TDQKVzlBUzAyR1hLWkVtRXlqc0tLUlUzZz09Ci0tLS0tRU5EIENFUlRJRklDQVRFLS0tLS0K",
                "password": "",
                "username": ""
              }
            ],
            "master_authorized_networks_config": [],
            "master_version": "1.14.10-gke.24",
            "min_master_version": null,
            "monitoring_service": "monitoring.googleapis.com/kubernetes",
            "name": "cluster-dataproc-gke",
            "network": "projects/dataproc-gke/global/networks/default",
            "network_policy": [
              {
                "enabled": false,
                "provider": "PROVIDER_UNSPECIFIED"
              }
            ],
            "node_config": [],
            "node_locations": [
              "us-central1-a",
              "us-central1-c",
              "us-central1-f"
            ],
            "node_pool": [],
            "node_version": "1.14.10-gke.24",
            "operation": null,
            "pod_security_policy_config": null,
            "private_cluster_config": [],
            "project": "dataproc-gke",
            "region": null,
            "remove_default_node_pool": true,
            "resource_labels": null,
            "services_ipv4_cidr": "10.39.240.0/20",
            "subnetwork": "projects/dataproc-gke/regions/us-central1/subnetworks/default",
            "timeouts": null,
            "vertical_pod_autoscaling": [],
            "zone": null
          },
          "private": "eyJlMmJmYjczMC1lY2FhLTExZTYtOGY4OC0zNDM2M2JjN2M0YzAiOnsiY3JlYXRlIjoyNDAwMDAwMDAwMDAwLCJkZWxldGUiOjI0MDAwMDAwMDAwMDAsInVwZGF0ZSI6MzYwMDAwMDAwMDAwMH0sInNjaGVtYV92ZXJzaW9uIjoiMSJ9"
        }
      ]
    },
    {
      "mode": "managed",
      "type": "google_container_node_pool",
      "name": "cluster-dataproc-gke-node-pool",
      "provider": "provider.google",
      "instances": [
        {
          "schema_version": 1,
          "attributes": {
            "autoscaling": [],
            "cluster": "cluster-dataproc-gke",
            "id": "projects/dataproc-gke/locations/us-central1/clusters/cluster-dataproc-gke/nodePools/cluster-dataproc-gke-node-pool",
            "initial_node_count": 1,
            "instance_group_urls": [
              "https://www.googleapis.com/compute/v1/projects/dataproc-gke/zones/us-central1-f/instanceGroupManagers/gke-cluster-dataproc-cluster-dataproc-51ee5ced-grp",
              "https://www.googleapis.com/compute/v1/projects/dataproc-gke/zones/us-central1-c/instanceGroupManagers/gke-cluster-dataproc-cluster-dataproc-4863041a-grp",
              "https://www.googleapis.com/compute/v1/projects/dataproc-gke/zones/us-central1-a/instanceGroupManagers/gke-cluster-dataproc-cluster-dataproc-dde56d86-grp"
            ],
            "location": "us-central1",
            "management": [
              {
                "auto_repair": false,
                "auto_upgrade": true
              }
            ],
            "max_pods_per_node": null,
            "name": "cluster-dataproc-gke-node-pool",
            "name_prefix": "",
            "node_config": [
              {
                "disk_size_gb": 100,
                "disk_type": "pd-standard",
                "guest_accelerator": [],
                "image_type": "COS",
                "labels": {},
                "local_ssd_count": 0,
                "machine_type": "n1-standard-2",
                "metadata": {
                  "disable-legacy-endpoints": "true"
                },
                "min_cpu_platform": "",
                "oauth_scopes": [
                  "https://www.googleapis.com/auth/cloud-platform",
                  "https://www.googleapis.com/auth/logging.write",
                  "https://www.googleapis.com/auth/monitoring"
                ],
                "preemptible": true,
                "sandbox_config": [],
                "service_account": "default",
                "shielded_instance_config": [
                  {
                    "enable_integrity_monitoring": true,
                    "enable_secure_boot": false
                  }
                ],
                "tags": null,
                "taint": [],
                "workload_metadata_config": []
              }
            ],
            "node_count": 1,
            "project": "dataproc-gke",
            "region": null,
            "timeouts": null,
            "upgrade_settings": null,
            "version": "1.14.10-gke.24",
            "zone": null
          },
          "private": "eyJlMmJmYjczMC1lY2FhLTExZTYtOGY4OC0zNDM2M2JjN2M0YzAiOnsiY3JlYXRlIjoxODAwMDAwMDAwMDAwLCJkZWxldGUiOjE4MDAwMDAwMDAwMDAsInVwZGF0ZSI6MTgwMDAwMDAwMDAwMH0sInNjaGVtYV92ZXJzaW9uIjoiMSJ9",
          "dependencies": [
            "google_container_cluster.cluster-dataproc-gke"
          ]
        }
      ]
    }
  ]
}
