{
  "version": 4,
  "terraform_version": "0.12.20",
  "serial": 41,
  "lineage": "649d4854-b8e4-addd-93aa-ed093fc94148",
  "outputs": {},
  "resources": [
    {
      "mode": "managed",
      "type": "google_dataproc_cluster",
      "name": "cluster-dataproc",
      "provider": "provider.google-beta",
      "instances": [
        {
          "schema_version": 0,
          "attributes": {
            "cluster_config": [
              {
                "autoscaling_config": [],
                "bucket": "bucket-dataproc-21",
                "encryption_config": [],
                "gce_cluster_config": [
                  {
                    "internal_ip_only": false,
                    "metadata": null,
                    "network": "https://www.googleapis.com/compute/v1/projects/dataproc-21/global/networks/default",
                    "service_account": "",
                    "service_account_scopes": [
                      "https://www.googleapis.com/auth/cloud.useraccounts.readonly",
                      "https://www.googleapis.com/auth/devstorage.read_write",
                      "https://www.googleapis.com/auth/logging.write",
                      "https://www.googleapis.com/auth/monitoring"
                    ],
                    "subnetwork": "",
                    "tags": [
                      "bar",
                      "foo"
                    ],
                    "zone": "us-central1-f"
                  }
                ],
                "initialization_action": [],
                "lifecycle_config": [],
                "master_config": [
                  {
                    "accelerators": [],
                    "disk_config": [
                      {
                        "boot_disk_size_gb": 100,
                        "boot_disk_type": "pd-ssd",
                        "num_local_ssds": 0
                      }
                    ],
                    "image_uri": "https://www.googleapis.com/compute/v1/projects/cloud-dataproc/global/images/dataproc-1-4-ubu18-20200409-000000-rc01",
                    "instance_names": [
                      "cluster-dataproc-21-m"
                    ],
                    "machine_type": "n1-standard-2",
                    "min_cpu_platform": "AUTOMATIC",
                    "num_instances": 1
                  }
                ],
                "preemptible_worker_config": [
                  {
                    "disk_config": [
                      {
                        "boot_disk_size_gb": null,
                        "boot_disk_type": null,
                        "num_local_ssds": null
                      }
                    ],
                    "instance_names": [],
                    "num_instances": 0
                  }
                ],
                "security_config": [],
                "software_config": [
                  {
                    "image_version": "1.4.27-ubuntu18",
                    "optional_components": [
                      "ANACONDA",
                      "JUPYTER"
                    ],
                    "override_properties": {
                      "dataproc:dataproc.allow.zero.workers": "true"
                    },
                    "properties": {
                      "capacity-scheduler:yarn.scheduler.capacity.root.default.ordering-policy": "fair",
                      "core:fs.gs.block.size": "134217728",
                      "core:fs.gs.metadata.cache.enable": "false",
                      "core:hadoop.ssl.enabled.protocols": "TLSv1,TLSv1.1,TLSv1.2",
                      "dataproc:dataproc.allow.zero.workers": "true",
                      "distcp:mapreduce.map.java.opts": "-Xmx576m",
                      "distcp:mapreduce.map.memory.mb": "768",
                      "distcp:mapreduce.reduce.java.opts": "-Xmx576m",
                      "distcp:mapreduce.reduce.memory.mb": "768",
                      "hdfs:dfs.datanode.address": "0.0.0.0:9866",
                      "hdfs:dfs.datanode.http.address": "0.0.0.0:9864",
                      "hdfs:dfs.datanode.https.address": "0.0.0.0:9865",
                      "hdfs:dfs.datanode.ipc.address": "0.0.0.0:9867",
                      "hdfs:dfs.namenode.handler.count": "20",
                      "hdfs:dfs.namenode.http-address": "0.0.0.0:9870",
                      "hdfs:dfs.namenode.https-address": "0.0.0.0:9871",
                      "hdfs:dfs.namenode.lifeline.rpc-address": "cluster-dataproc-21-m:8050",
                      "hdfs:dfs.namenode.secondary.http-address": "0.0.0.0:9868",
                      "hdfs:dfs.namenode.secondary.https-address": "0.0.0.0:9869",
                      "hdfs:dfs.namenode.service.handler.count": "10",
                      "hdfs:dfs.namenode.servicerpc-address": "cluster-dataproc-21-m:8051",
                      "mapred-env:HADOOP_JOB_HISTORYSERVER_HEAPSIZE": "1920",
                      "mapred:mapreduce.job.maps": "15",
                      "mapred:mapreduce.job.reduce.slowstart.completedmaps": "0.95",
                      "mapred:mapreduce.job.reduces": "5",
                      "mapred:mapreduce.map.cpu.vcores": "1",
                      "mapred:mapreduce.map.java.opts": "-Xmx1638m",
                      "mapred:mapreduce.map.memory.mb": "2048",
                      "mapred:mapreduce.reduce.cpu.vcores": "1",
                      "mapred:mapreduce.reduce.java.opts": "-Xmx1638m",
                      "mapred:mapreduce.reduce.memory.mb": "2048",
                      "mapred:mapreduce.task.io.sort.mb": "256",
                      "mapred:yarn.app.mapreduce.am.command-opts": "-Xmx1638m",
                      "mapred:yarn.app.mapreduce.am.resource.cpu-vcores": "1",
                      "mapred:yarn.app.mapreduce.am.resource.mb": "2048",
                      "spark-env:SPARK_DAEMON_MEMORY": "1920m",
                      "spark:spark.driver.maxResultSize": "960m",
                      "spark:spark.driver.memory": "1920m",
                      "spark:spark.executor.cores": "1",
                      "spark:spark.executor.instances": "2",
                      "spark:spark.executor.memory": "2688m",
                      "spark:spark.executorEnv.OPENBLAS_NUM_THREADS": "1",
                      "spark:spark.scheduler.mode": "FAIR",
                      "spark:spark.sql.cbo.enabled": "true",
                      "spark:spark.yarn.am.memory": "640m",
                      "yarn-env:YARN_NODEMANAGER_HEAPSIZE": "1920",
                      "yarn-env:YARN_RESOURCEMANAGER_HEAPSIZE": "1920",
                      "yarn-env:YARN_TIMELINESERVER_HEAPSIZE": "1920",
                      "yarn:yarn.nodemanager.resource.memory-mb": "6144",
                      "yarn:yarn.resourcemanager.nodemanager-graceful-decommission-timeout-secs": "86400",
                      "yarn:yarn.scheduler.maximum-allocation-mb": "6144",
                      "yarn:yarn.scheduler.minimum-allocation-mb": "512"
                    }
                  }
                ],
                "staging_bucket": "bucket-dataproc-21",
                "worker_config": [
                  {
                    "accelerators": [],
                    "disk_config": [
                      {
                        "boot_disk_size_gb": 50,
                        "boot_disk_type": "pd-ssd",
                        "num_local_ssds": 1
                      }
                    ],
                    "image_uri": "https://www.googleapis.com/compute/v1/projects/cloud-dataproc/global/images/dataproc-1-4-ubu18-20200409-000000-rc01",
                    "instance_names": [
                      "cluster-dataproc-21-w-0",
                      "cluster-dataproc-21-w-1"
                    ],
                    "machine_type": "n1-standard-2",
                    "min_cpu_platform": "Intel Skylake",
                    "num_instances": 2
                  }
                ]
              }
            ],
            "id": "projects/dataproc-21/regions/us-central1/clusters/cluster-dataproc-21",
            "labels": {
              "foo": "bar",
              "goog-dataproc-cluster-name": "cluster-dataproc-21",
              "goog-dataproc-cluster-uuid": "105214e9-51fb-4559-90ad-9338be3757d7",
              "goog-dataproc-location": "us-central1"
            },
            "name": "cluster-dataproc-21",
            "project": "dataproc-21",
            "region": "us-central1",
            "timeouts": null
          },
          "private": "eyJlMmJmYjczMC1lY2FhLTExZTYtOGY4OC0zNDM2M2JjN2M0YzAiOnsiY3JlYXRlIjoxMjAwMDAwMDAwMDAwLCJkZWxldGUiOjEyMDAwMDAwMDAwMDAsInVwZGF0ZSI6MTIwMDAwMDAwMDAwMH19"
        }
      ]
    }
  ]
}
