{
  "version": 4,
  "terraform_version": "0.12.20",
  "serial": 4,
  "lineage": "aec4707e-fde0-1e2b-46d7-93c0c1bb098c",
  "outputs": {},
  "resources": [
    {
      "mode": "managed",
      "type": "google_container_cluster",
      "name": "cluster-dataproc-gke",
      "provider": "provider.google",
      "instances": [
        {
          "schema_version": 1,
          "attributes": {
            "additional_zones": [],
            "addons_config": [
              {
                "horizontal_pod_autoscaling": [],
                "http_load_balancing": [],
                "kubernetes_dashboard": [],
                "network_policy_config": [
                  {
                    "disabled": true
                  }
                ]
              }
            ],
            "authenticator_groups_config": [],
            "cluster_autoscaling": [
              {
                "auto_provisioning_defaults": [],
                "enabled": false,
                "resource_limits": []
              }
            ],
            "cluster_ipv4_cidr": "10.36.0.0/14",
            "default_max_pods_per_node": 110,
            "description": "",
            "enable_binary_authorization": false,
            "enable_intranode_visibility": null,
            "enable_kubernetes_alpha": false,
            "enable_legacy_abac": false,
            "enable_tpu": null,
            "endpoint": "35.238.25.230",
            "id": "projects/dataproc-gke/locations/us-central1/clusters/cluster-dataproc-gke",
            "initial_node_count": 1,
            "instance_group_urls": [
              "https://www.googleapis.com/compute/v1/projects/dataproc-gke/zones/us-central1-b/instanceGroups/gke-cluster-dataproc-cluster-dataproc-aae45875-grp",
              "https://www.googleapis.com/compute/v1/projects/dataproc-gke/zones/us-central1-f/instanceGroups/gke-cluster-dataproc-cluster-dataproc-17e08af6-grp",
              "https://www.googleapis.com/compute/v1/projects/dataproc-gke/zones/us-central1-c/instanceGroups/gke-cluster-dataproc-cluster-dataproc-7674e334-grp"
            ],
            "ip_allocation_policy": [],
            "label_fingerprint": "a9dc16a7",
            "location": "us-central1",
            "logging_service": "logging.googleapis.com/kubernetes",
            "maintenance_policy": [],
            "master_auth": [
              {
                "client_certificate": "",
                "client_certificate_config": [
                  {
                    "issue_client_certificate": false
                  }
                ],
                "client_key": "",
                "cluster_ca_certificate": "LS0tLS1CRUdJTiBDRVJUSUZJQ0FURS0tLS0tCk1JSURERENDQWZTZ0F3SUJBZ0lSQVAxcHVaOVVhOHphSUJmTnZNV0dKRHd3RFFZSktvWklodmNOQVFFTEJRQXcKTHpFdE1Dc0dBMVVFQXhNa09XSXpNR1F3WWprdE5UWTJOQzAwTUROa0xUZ3lNemt0TVdFMVlqa3dPVFJoWVRNegpNQjRYRFRJd01EVXdNakUwTXpNeU5sb1hEVEkxTURVd01URTFNek15Tmxvd0x6RXRNQ3NHQTFVRUF4TWtPV0l6Ck1HUXdZamt0TlRZMk5DMDBNRE5rTFRneU16a3RNV0UxWWprd09UUmhZVE16TUlJQklqQU5CZ2txaGtpRzl3MEIKQVFFRkFBT0NBUThBTUlJQkNnS0NBUUVBbVdOMFJwbXVEZERXZzJTalI2MWp4MHI0akJpa2twSzloZ3pNbFpQNwp2ck5SOTBHV0FXMzFINFcwalBLOHg4V2MrNGVhVVJTSlF3RGhrYWcvQ1VWL2EwcGFEcmZCYmdlbHMrQjRwZ2p4CndRMHJ3UFJHMlRoWmtUWHdQMVdBaTBabzQ0YThtbDhTaTdYR2JUSHhiRVpJbDB0NWQ2K2txRk5hc0gxRE9zdi8Kdnl0UTJGbkI5WUJZUzQzbVBJemxwZDRWOXZ3RTRvclRrd3AraDBWYk9oS25wTjJ4VThmdmc5Y05sUjcxbWNVQwpUazRuMmtSRndHRnhPWjR5RnhkbXNRcTZwb25Ha1hrdFdMOXA0WWZ3SDZzWVVSU3VqUkVCUDdyZGVRMzJGRTd5CkJ2SUZZMmoyTFFJb2tCdmpuRmhPVS9lRmxHZ3A5WTA0WlBBMjdEOTdaSnY4U3dJREFRQUJveU13SVRBT0JnTlYKSFE4QkFmOEVCQU1DQWdRd0R3WURWUjBUQVFIL0JBVXdBd0VCL3pBTkJna3Foa2lHOXcwQkFRc0ZBQU9DQVFFQQpBazBpbk5vTHdQNWlEYXY5QmJqUG8rSGhCOTNEUnFpM24vNE5LSUJjOS95UTBTY28wVVpFWTNCYjJjZFhMVmxTClRTL3VIdUFyUFpPK2NlU0F3b09meExSSUo5OGJUaXFOeHJvZGl4M0RuaHFZK0JPblhKUk84WXQ1dXFKQ0ptWUoKU0hCWUpXM0pIUlJFQ0VjS0dQd2psTkxISDdRRXZvNG1na21TSjM4cU0vblMvYWZxcFpRUTEvRHJNRnFqaGFuagpFL0dsdFBsd1JZZlNRRzRNdDV4TVFTZ3RxdnYxZktaeEVZd245cXVyWmZ2b1lwTEs1SEhjYlR3akVWODFTa3ViCjVyeUpFMHBhZTlkVjZPOERSL0xYeUNXMUZBaGNZdGZYMlFDNWUvVUNKMkI0bmZCZW1OK21lNzZWU1orU2JrUzYKN1Z3N3A0Y1JiS2xCZ3R4M1dnUG9xQT09Ci0tLS0tRU5EIENFUlRJRklDQVRFLS0tLS0K",
                "password": "",
                "username": ""
              }
            ],
            "master_authorized_networks_config": [],
            "master_version": "1.14.10-gke.27",
            "min_master_version": null,
            "monitoring_service": "monitoring.googleapis.com/kubernetes",
            "name": "cluster-dataproc-gke",
            "network": "projects/dataproc-gke/global/networks/default",
            "network_policy": [
              {
                "enabled": false,
                "provider": "PROVIDER_UNSPECIFIED"
              }
            ],
            "node_config": [
              {
                "disk_size_gb": 75,
                "disk_type": "pd-ssd",
                "guest_accelerator": [],
                "image_type": "COS",
                "labels": {},
                "local_ssd_count": 0,
                "machine_type": "n1-standard-2",
                "metadata": {
                  "disable-legacy-endpoints": "true"
                },
                "min_cpu_platform": "",
                "oauth_scopes": [
                  "https://www.googleapis.com/auth/cloud-platform",
                  "https://www.googleapis.com/auth/logging.write",
                  "https://www.googleapis.com/auth/monitoring"
                ],
                "preemptible": true,
                "sandbox_config": [],
                "service_account": "default",
                "shielded_instance_config": [
                  {
                    "enable_integrity_monitoring": true,
                    "enable_secure_boot": false
                  }
                ],
                "tags": [],
                "taint": [],
                "workload_metadata_config": []
              }
            ],
            "node_locations": [
              "us-central1-b",
              "us-central1-c",
              "us-central1-f"
            ],
            "node_pool": [
              {
                "autoscaling": [],
                "initial_node_count": 1,
                "instance_group_urls": [
                  "https://www.googleapis.com/compute/v1/projects/dataproc-gke/zones/us-central1-b/instanceGroupManagers/gke-cluster-dataproc-cluster-dataproc-aae45875-grp",
                  "https://www.googleapis.com/compute/v1/projects/dataproc-gke/zones/us-central1-f/instanceGroupManagers/gke-cluster-dataproc-cluster-dataproc-17e08af6-grp",
                  "https://www.googleapis.com/compute/v1/projects/dataproc-gke/zones/us-central1-c/instanceGroupManagers/gke-cluster-dataproc-cluster-dataproc-7674e334-grp"
                ],
                "management": [
                  {
                    "auto_repair": false,
                    "auto_upgrade": true
                  }
                ],
                "max_pods_per_node": 0,
                "name": "cluster-dataproc-gke-node-pool",
                "name_prefix": "",
                "node_config": [
                  {
                    "disk_size_gb": 75,
                    "disk_type": "pd-ssd",
                    "guest_accelerator": [],
                    "image_type": "COS",
                    "labels": {},
                    "local_ssd_count": 0,
                    "machine_type": "n1-standard-2",
                    "metadata": {
                      "disable-legacy-endpoints": "true"
                    },
                    "min_cpu_platform": "",
                    "oauth_scopes": [
                      "https://www.googleapis.com/auth/cloud-platform",
                      "https://www.googleapis.com/auth/logging.write",
                      "https://www.googleapis.com/auth/monitoring"
                    ],
                    "preemptible": true,
                    "sandbox_config": [],
                    "service_account": "default",
                    "shielded_instance_config": [
                      {
                        "enable_integrity_monitoring": true,
                        "enable_secure_boot": false
                      }
                    ],
                    "tags": [],
                    "taint": [],
                    "workload_metadata_config": []
                  }
                ],
                "node_count": 1,
                "upgrade_settings": [
                  {
                    "max_surge": 1,
                    "max_unavailable": 0
                  }
                ],
                "version": "1.14.10-gke.27"
              }
            ],
            "node_version": "1.14.10-gke.27",
            "operation": null,
            "pod_security_policy_config": [],
            "private_cluster_config": [],
            "project": "dataproc-gke",
            "region": null,
            "remove_default_node_pool": true,
            "resource_labels": {},
            "resource_usage_export_config": [],
            "services_ipv4_cidr": "10.39.240.0/20",
            "subnetwork": "projects/dataproc-gke/regions/us-central1/subnetworks/default",
            "timeouts": null,
            "vertical_pod_autoscaling": [],
            "zone": null
          },
          "private": "eyJlMmJmYjczMC1lY2FhLTExZTYtOGY4OC0zNDM2M2JjN2M0YzAiOnsiY3JlYXRlIjoyNDAwMDAwMDAwMDAwLCJkZWxldGUiOjI0MDAwMDAwMDAwMDAsInVwZGF0ZSI6MzYwMDAwMDAwMDAwMH0sInNjaGVtYV92ZXJzaW9uIjoiMSJ9"
        }
      ]
    },
    {
      "mode": "managed",
      "type": "google_container_node_pool",
      "name": "cluster-dataproc-gke-node-pool",
      "provider": "provider.google",
      "instances": [
        {
          "schema_version": 1,
          "attributes": {
            "autoscaling": [],
            "cluster": "cluster-dataproc-gke",
            "id": "projects/dataproc-gke/locations/us-central1/clusters/cluster-dataproc-gke/nodePools/cluster-dataproc-gke-node-pool",
            "initial_node_count": 1,
            "instance_group_urls": [
              "https://www.googleapis.com/compute/v1/projects/dataproc-gke/zones/us-central1-b/instanceGroupManagers/gke-cluster-dataproc-cluster-dataproc-aae45875-grp",
              "https://www.googleapis.com/compute/v1/projects/dataproc-gke/zones/us-central1-f/instanceGroupManagers/gke-cluster-dataproc-cluster-dataproc-17e08af6-grp",
              "https://www.googleapis.com/compute/v1/projects/dataproc-gke/zones/us-central1-c/instanceGroupManagers/gke-cluster-dataproc-cluster-dataproc-7674e334-grp"
            ],
            "location": "us-central1",
            "management": [
              {
                "auto_repair": false,
                "auto_upgrade": true
              }
            ],
            "max_pods_per_node": null,
            "name": "cluster-dataproc-gke-node-pool",
            "name_prefix": "",
            "node_config": [
              {
                "disk_size_gb": 75,
                "disk_type": "pd-ssd",
                "guest_accelerator": [],
                "image_type": "COS",
                "labels": {},
                "local_ssd_count": 0,
                "machine_type": "n1-standard-2",
                "metadata": {
                  "disable-legacy-endpoints": "true"
                },
                "min_cpu_platform": "",
                "oauth_scopes": [
                  "https://www.googleapis.com/auth/cloud-platform",
                  "https://www.googleapis.com/auth/logging.write",
                  "https://www.googleapis.com/auth/monitoring"
                ],
                "preemptible": true,
                "sandbox_config": [],
                "service_account": "default",
                "shielded_instance_config": [
                  {
                    "enable_integrity_monitoring": true,
                    "enable_secure_boot": false
                  }
                ],
                "tags": [],
                "taint": [],
                "workload_metadata_config": []
              }
            ],
            "node_count": 1,
            "project": "dataproc-gke",
            "region": null,
            "timeouts": null,
            "upgrade_settings": [
              {
                "max_surge": 1,
                "max_unavailable": 0
              }
            ],
            "version": "1.14.10-gke.27",
            "zone": null
          },
          "private": "eyJlMmJmYjczMC1lY2FhLTExZTYtOGY4OC0zNDM2M2JjN2M0YzAiOnsiY3JlYXRlIjoxODAwMDAwMDAwMDAwLCJkZWxldGUiOjE4MDAwMDAwMDAwMDAsInVwZGF0ZSI6MTgwMDAwMDAwMDAwMH0sInNjaGVtYV92ZXJzaW9uIjoiMSJ9",
          "dependencies": [
            "google_container_cluster.cluster-dataproc-gke"
          ]
        }
      ]
    }
  ]
}
