{
  "version": 4,
  "terraform_version": "0.12.20",
  "serial": 14,
  "lineage": "e39f7e7e-2800-49c1-de96-7420931f8bf8",
  "outputs": {},
  "resources": [
    {
      "mode": "managed",
      "type": "azurerm_resource_group",
      "name": "tfm_group",
      "provider": "provider.azurerm",
      "instances": [
        {
          "schema_version": 0,
          "attributes": {
            "id": "/subscriptions/6cbdad4a-3cd8-4619-abb9-f9370c9cdab7/resourceGroups/tfmgroup",
            "location": "westeurope",
            "name": "tfmgroup",
            "tags": {},
            "timeouts": null
          },
          "private": "eyJlMmJmYjczMC1lY2FhLTExZTYtOGY4OC0zNDM2M2JjN2M0YzAiOnsiY3JlYXRlIjo1NDAwMDAwMDAwMDAwLCJkZWxldGUiOjU0MDAwMDAwMDAwMDAsInJlYWQiOjMwMDAwMDAwMDAwMCwidXBkYXRlIjo1NDAwMDAwMDAwMDAwfX0="
        }
      ]
    },
    {
      "mode": "managed",
      "type": "azurerm_storage_account",
      "name": "storage_account",
      "provider": "provider.azurerm",
      "instances": [
        {
          "status": "tainted",
          "schema_version": 2,
          "attributes": {
            "access_tier": "Hot",
            "account_kind": "StorageV2",
            "account_replication_type": "LRS",
            "account_tier": "Standard",
            "blob_properties": [],
            "custom_domain": [],
            "enable_https_traffic_only": true,
            "id": "/subscriptions/6cbdad4a-3cd8-4619-abb9-f9370c9cdab7/resourceGroups/tfmgroup/providers/Microsoft.Storage/storageAccounts/tfmstoraccount",
            "identity": [],
            "is_hns_enabled": false,
            "location": "westeurope",
            "name": "tfmstoraccount",
            "network_rules": [
              {
                "bypass": [
                  "AzureServices"
                ],
                "default_action": "Allow",
                "ip_rules": [],
                "virtual_network_subnet_ids": []
              }
            ],
            "primary_access_key": "w5VclzLuHYamtkKWvqywbXm/gc4aB228bj7QEBX5pv5co1+hVjL9c7eDGRdSOytUneUq61oG3xbL+ka1B886RQ==",
            "primary_blob_connection_string": "DefaultEndpointsProtocol=https;BlobEndpoint=https://tfmstoraccount.blob.core.windows.net/;AccountName=tfmstoraccount;AccountKey=w5VclzLuHYamtkKWvqywbXm/gc4aB228bj7QEBX5pv5co1+hVjL9c7eDGRdSOytUneUq61oG3xbL+ka1B886RQ==",
            "primary_blob_endpoint": "https://tfmstoraccount.blob.core.windows.net/",
            "primary_blob_host": "tfmstoraccount.blob.core.windows.net",
            "primary_connection_string": "DefaultEndpointsProtocol=https;AccountName=tfmstoraccount;AccountKey=w5VclzLuHYamtkKWvqywbXm/gc4aB228bj7QEBX5pv5co1+hVjL9c7eDGRdSOytUneUq61oG3xbL+ka1B886RQ==;EndpointSuffix=core.windows.net",
            "primary_dfs_endpoint": "https://tfmstoraccount.dfs.core.windows.net/",
            "primary_dfs_host": "tfmstoraccount.dfs.core.windows.net",
            "primary_file_endpoint": "https://tfmstoraccount.file.core.windows.net/",
            "primary_file_host": "tfmstoraccount.file.core.windows.net",
            "primary_location": "westeurope",
            "primary_queue_endpoint": "https://tfmstoraccount.queue.core.windows.net/",
            "primary_queue_host": "tfmstoraccount.queue.core.windows.net",
            "primary_table_endpoint": "https://tfmstoraccount.table.core.windows.net/",
            "primary_table_host": "tfmstoraccount.table.core.windows.net",
            "primary_web_endpoint": "https://tfmstoraccount.z6.web.core.windows.net/",
            "primary_web_host": "tfmstoraccount.z6.web.core.windows.net",
            "queue_properties": [
              {
                "cors_rule": [],
                "hour_metrics": [
                  {
                    "enabled": true,
                    "include_apis": true,
                    "retention_policy_days": 7,
                    "version": "1.0"
                  }
                ],
                "logging": [
                  {
                    "delete": false,
                    "read": false,
                    "retention_policy_days": 0,
                    "version": "1.0",
                    "write": false
                  }
                ],
                "minute_metrics": [
                  {
                    "enabled": false,
                    "include_apis": false,
                    "retention_policy_days": 0,
                    "version": "1.0"
                  }
                ]
              }
            ],
            "resource_group_name": "tfmgroup",
            "secondary_access_key": "Cc10o+DfH6fE1OeKT5ImU+SnJvUcV25CB1VTdGhrrBx7z+cMlbi7+Be16jnaW3mPYtuR9A1FbtRQzzjpl5I3nA==",
            "secondary_blob_connection_string": "",
            "secondary_blob_endpoint": null,
            "secondary_blob_host": null,
            "secondary_connection_string": "DefaultEndpointsProtocol=https;AccountName=tfmstoraccount;AccountKey=Cc10o+DfH6fE1OeKT5ImU+SnJvUcV25CB1VTdGhrrBx7z+cMlbi7+Be16jnaW3mPYtuR9A1FbtRQzzjpl5I3nA==;EndpointSuffix=core.windows.net",
            "secondary_dfs_endpoint": null,
            "secondary_dfs_host": null,
            "secondary_file_endpoint": null,
            "secondary_file_host": null,
            "secondary_location": "",
            "secondary_queue_endpoint": null,
            "secondary_queue_host": null,
            "secondary_table_endpoint": null,
            "secondary_table_host": null,
            "secondary_web_endpoint": null,
            "secondary_web_host": null,
            "static_website": [],
            "tags": null,
            "timeouts": null
          },
          "private": "eyJlMmJmYjczMC1lY2FhLTExZTYtOGY4OC0zNDM2M2JjN2M0YzAiOnsiY3JlYXRlIjozNjAwMDAwMDAwMDAwLCJkZWxldGUiOjM2MDAwMDAwMDAwMDAsInJlYWQiOjMwMDAwMDAwMDAwMCwidXBkYXRlIjozNjAwMDAwMDAwMDAwfSwic2NoZW1hX3ZlcnNpb24iOiIyIn0="
        }
      ]
    }
  ]
}
